// !$*UTF8*$!
{
	archiveVersion = 1;
	classes = {
	};
	objectVersion = 50;
	objects = {

/* Begin PBXBuildFile section */
		D70EB6922328A0FC0022D9C1 /* FileTreeItemHolder.swift in Sources */ = {isa = PBXBuildFile; fileRef = D70EB6912328A0FC0022D9C1 /* FileTreeItemHolder.swift */; };
		D70EB6942328A2D20022D9C1 /* FileTreeView.swift in Sources */ = {isa = PBXBuildFile; fileRef = D70EB6932328A2D20022D9C1 /* FileTreeView.swift */; };
		D70EB6962328B5C60022D9C1 /* String+subscript.swift in Sources */ = {isa = PBXBuildFile; fileRef = D70EB6952328B5C60022D9C1 /* String+subscript.swift */; };
		D72DB5AB232F23CB003FFA85 /* AccordionView.swift in Sources */ = {isa = PBXBuildFile; fileRef = D72DB5AA232F23CB003FFA85 /* AccordionView.swift */; };
		D72DB5AD232F344C003FFA85 /* CurtainView.swift in Sources */ = {isa = PBXBuildFile; fileRef = D72DB5AC232F344C003FFA85 /* CurtainView.swift */; };
		D730436D232C9BE600F9165F /* FileExtension.swift in Sources */ = {isa = PBXBuildFile; fileRef = D730436C232C9BE600F9165F /* FileExtension.swift */; };
		D730436F232C9C5700F9165F /* SyntaxHighlighter.swift in Sources */ = {isa = PBXBuildFile; fileRef = D730436E232C9C5700F9165F /* SyntaxHighlighter.swift */; };
		D7304371232CA33600F9165F /* HTMLSyntaxHighlighter.swift in Sources */ = {isa = PBXBuildFile; fileRef = D7304370232CA33600F9165F /* HTMLSyntaxHighlighter.swift */; };
		D7304373232CA3F700F9165F /* String+range.swift in Sources */ = {isa = PBXBuildFile; fileRef = D7304372232CA3F700F9165F /* String+range.swift */; };
		D73059682329E26800B8A420 /* Appearance.swift in Sources */ = {isa = PBXBuildFile; fileRef = D73059672329E26800B8A420 /* Appearance.swift */; };
		D7305BB623271F66006668B0 /* Auth.swift in Sources */ = {isa = PBXBuildFile; fileRef = D7305BB523271F66006668B0 /* Auth.swift */; };
		D7305BB923271F90006668B0 /* RegisterViewController.swift in Sources */ = {isa = PBXBuildFile; fileRef = D7305BB823271F90006668B0 /* RegisterViewController.swift */; };
		D7305BBB23275402006668B0 /* UIViewController+alert.swift in Sources */ = {isa = PBXBuildFile; fileRef = D7305BBA23275402006668B0 /* UIViewController+alert.swift */; };
		D7305BBD232782AD006668B0 /* LoginViewController.swift in Sources */ = {isa = PBXBuildFile; fileRef = D7305BBC232782AD006668B0 /* LoginViewController.swift */; };
		D7305BBF2327833F006668B0 /* FormView.swift in Sources */ = {isa = PBXBuildFile; fileRef = D7305BBE2327833F006668B0 /* FormView.swift */; };
		D7305BC123278377006668B0 /* FormControlView.swift in Sources */ = {isa = PBXBuildFile; fileRef = D7305BC023278377006668B0 /* FormControlView.swift */; };
		D7305BC423279ABA006668B0 /* FormViewController.swift in Sources */ = {isa = PBXBuildFile; fileRef = D7305BC323279ABA006668B0 /* FormViewController.swift */; };
		D73599D323287092004D985E /* FolderView.swift in Sources */ = {isa = PBXBuildFile; fileRef = D73599D223287092004D985E /* FolderView.swift */; };
		D73599D723287DD0004D985E /* FileView.swift in Sources */ = {isa = PBXBuildFile; fileRef = D73599D623287DD0004D985E /* FileView.swift */; };
		D73599D923287E14004D985E /* FileTreeItemView.swift in Sources */ = {isa = PBXBuildFile; fileRef = D73599D823287E14004D985E /* FileTreeItemView.swift */; };
		D73599DB232880D8004D985E /* LessonViewController.swift in Sources */ = {isa = PBXBuildFile; fileRef = D73599DA232880D8004D985E /* LessonViewController.swift */; };
		D73599DD23289B69004D985E /* NSNotification.Name+names.swift in Sources */ = {isa = PBXBuildFile; fileRef = D73599DC23289B69004D985E /* NSNotification.Name+names.swift */; };
		D736D1C2232BA66A004DB6CB /* InputButton.swift in Sources */ = {isa = PBXBuildFile; fileRef = D736D1C1232BA66A004DB6CB /* InputButton.swift */; };
		D749DF7723234F830010C673 /* AppDelegate.swift in Sources */ = {isa = PBXBuildFile; fileRef = D749DF7623234F830010C673 /* AppDelegate.swift */; };
		D749DF8123234F840010C673 /* Assets.xcassets in Resources */ = {isa = PBXBuildFile; fileRef = D749DF8023234F840010C673 /* Assets.xcassets */; };
		D749DF8423234F840010C673 /* LaunchScreen.storyboard in Resources */ = {isa = PBXBuildFile; fileRef = D749DF8223234F840010C673 /* LaunchScreen.storyboard */; };
		D749DFAC2323504C0010C673 /* HTTP.swift in Sources */ = {isa = PBXBuildFile; fileRef = D749DFAB2323504C0010C673 /* HTTP.swift */; };
		D749DFAE232358370010C673 /* Material.swift in Sources */ = {isa = PBXBuildFile; fileRef = D749DFAD232358370010C673 /* Material.swift */; };
		D749DFB0232363660010C673 /* DashboardTabBarController.swift in Sources */ = {isa = PBXBuildFile; fileRef = D749DFAF232363660010C673 /* DashboardTabBarController.swift */; };
		D749DFB2232363DA0010C673 /* HomeViewController.swift in Sources */ = {isa = PBXBuildFile; fileRef = D749DFB1232363DA0010C673 /* HomeViewController.swift */; };
		D749DFB4232363F00010C673 /* MessagesViewController.swift in Sources */ = {isa = PBXBuildFile; fileRef = D749DFB3232363F00010C673 /* MessagesViewController.swift */; };
		D749DFB62323660E0010C673 /* MaterialSearchViewController.swift in Sources */ = {isa = PBXBuildFile; fileRef = D749DFB52323660E0010C673 /* MaterialSearchViewController.swift */; };
		D774F5212330B29300D96899 /* UIView+blackout+whiteout.swift in Sources */ = {isa = PBXBuildFile; fileRef = D774F5202330B29300D96899 /* UIView+blackout+whiteout.swift */; };
		D774F5232330B97D00D96899 /* UIImageView+fetch.swift in Sources */ = {isa = PBXBuildFile; fileRef = D774F5222330B97D00D96899 /* UIImageView+fetch.swift */; };
		D7AFE954232E32AD00CE68D7 /* LessonCompletion.swift in Sources */ = {isa = PBXBuildFile; fileRef = D7AFE953232E32AD00CE68D7 /* LessonCompletion.swift */; };
		D7AFE956232E3A7F00CE68D7 /* IndexPathButton.swift in Sources */ = {isa = PBXBuildFile; fileRef = D7AFE955232E3A7F00CE68D7 /* IndexPathButton.swift */; };
		D7F0615123236B7B0019B224 /* UIFont+AppFonts.swift in Sources */ = {isa = PBXBuildFile; fileRef = D7F0615023236B7B0019B224 /* UIFont+AppFonts.swift */; };
		D7F0615523238ABF0019B224 /* Lesson.swift in Sources */ = {isa = PBXBuildFile; fileRef = D7F0615423238ABF0019B224 /* Lesson.swift */; };
		D7F061592323A8820019B224 /* UIColor+colors.swift in Sources */ = {isa = PBXBuildFile; fileRef = D7F061582323A8820019B224 /* UIColor+colors.swift */; };
		D7F0615B2323ACC70019B224 /* UICollectionViewCell+id.swift in Sources */ = {isa = PBXBuildFile; fileRef = D7F0615A2323ACC70019B224 /* UICollectionViewCell+id.swift */; };
		D7F0616123247DE10019B224 /* UIView+AnimationUtilities.swift in Sources */ = {isa = PBXBuildFile; fileRef = D7F0616023247DE10019B224 /* UIView+AnimationUtilities.swift */; };
		D7F061632325039B0019B224 /* User.swift in Sources */ = {isa = PBXBuildFile; fileRef = D7F061622325039B0019B224 /* User.swift */; };
		D7F06165232504830019B224 /* Folder.swift in Sources */ = {isa = PBXBuildFile; fileRef = D7F06164232504830019B224 /* Folder.swift */; };
		D7F06167232506B90019B224 /* File.swift in Sources */ = {isa = PBXBuildFile; fileRef = D7F06166232506B90019B224 /* File.swift */; };
		D7F06169232511C50019B224 /* LessonComment.swift in Sources */ = {isa = PBXBuildFile; fileRef = D7F06168232511C50019B224 /* LessonComment.swift */; };
		D7F0616B232517060019B224 /* MaterialComment.swift in Sources */ = {isa = PBXBuildFile; fileRef = D7F0616A232517060019B224 /* MaterialComment.swift */; };
		D7F0616D23251C4C0019B224 /* Description.swift in Sources */ = {isa = PBXBuildFile; fileRef = D7F0616C23251C4C0019B224 /* Description.swift */; };
		D7F0616F23251D170019B224 /* DescriptionTarget.swift in Sources */ = {isa = PBXBuildFile; fileRef = D7F0616E23251D170019B224 /* DescriptionTarget.swift */; };
		D7F0617123251DA50019B224 /* Question.swift in Sources */ = {isa = PBXBuildFile; fileRef = D7F0617023251DA50019B224 /* Question.swift */; };
		D7FE8B752325E5EA00F4C6F5 /* UIViewController+blackout+whiteout.swift in Sources */ = {isa = PBXBuildFile; fileRef = D7FE8B742325E5EA00F4C6F5 /* UIViewController+blackout+whiteout.swift */; };
		D7FE8B792325EB9900F4C6F5 /* Price.swift in Sources */ = {isa = PBXBuildFile; fileRef = D7FE8B782325EB9900F4C6F5 /* Price.swift */; };
		D7FE8B7B2325EBAC00F4C6F5 /* Locale.swift in Sources */ = {isa = PBXBuildFile; fileRef = D7FE8B7A2325EBAC00F4C6F5 /* Locale.swift */; };
		D7FE8B7D2325F81200F4C6F5 /* UIView+sizeThatFits.swift in Sources */ = {isa = PBXBuildFile; fileRef = D7FE8B7C2325F81200F4C6F5 /* UIView+sizeThatFits.swift */; };
		D7FE8B7F2326112200F4C6F5 /* TabBarView.swift in Sources */ = {isa = PBXBuildFile; fileRef = D7FE8B7E2326112200F4C6F5 /* TabBarView.swift */; };
/* End PBXBuildFile section */

/* Begin PBXContainerItemProxy section */
		D749DF8B23234F840010C673 /* PBXContainerItemProxy */ = {
			isa = PBXContainerItemProxy;
			containerPortal = D749DF6B23234F830010C673 /* Project object */;
			proxyType = 1;
			remoteGlobalIDString = D749DF7223234F830010C673;
			remoteInfo = AllCoder;
		};
		D749DF9623234F840010C673 /* PBXContainerItemProxy */ = {
			isa = PBXContainerItemProxy;
			containerPortal = D749DF6B23234F830010C673 /* Project object */;
			proxyType = 1;
			remoteGlobalIDString = D749DF7223234F830010C673;
			remoteInfo = AllCoder;
		};
/* End PBXContainerItemProxy section */

/* Begin PBXFileReference section */
		D70EB6912328A0FC0022D9C1 /* FileTreeItemHolder.swift */ = {isa = PBXFileReference; lastKnownFileType = sourcecode.swift; path = FileTreeItemHolder.swift; sourceTree = "<group>"; };
		D70EB6932328A2D20022D9C1 /* FileTreeView.swift */ = {isa = PBXFileReference; lastKnownFileType = sourcecode.swift; path = FileTreeView.swift; sourceTree = "<group>"; };
		D70EB6952328B5C60022D9C1 /* String+subscript.swift */ = {isa = PBXFileReference; lastKnownFileType = sourcecode.swift; path = "String+subscript.swift"; sourceTree = "<group>"; };
		D72DB5AA232F23CB003FFA85 /* AccordionView.swift */ = {isa = PBXFileReference; lastKnownFileType = sourcecode.swift; path = AccordionView.swift; sourceTree = "<group>"; };
		D72DB5AC232F344C003FFA85 /* CurtainView.swift */ = {isa = PBXFileReference; lastKnownFileType = sourcecode.swift; path = CurtainView.swift; sourceTree = "<group>"; };
		D730436C232C9BE600F9165F /* FileExtension.swift */ = {isa = PBXFileReference; lastKnownFileType = sourcecode.swift; path = FileExtension.swift; sourceTree = "<group>"; };
		D730436E232C9C5700F9165F /* SyntaxHighlighter.swift */ = {isa = PBXFileReference; lastKnownFileType = sourcecode.swift; path = SyntaxHighlighter.swift; sourceTree = "<group>"; };
		D7304370232CA33600F9165F /* HTMLSyntaxHighlighter.swift */ = {isa = PBXFileReference; lastKnownFileType = sourcecode.swift; path = HTMLSyntaxHighlighter.swift; sourceTree = "<group>"; };
		D7304372232CA3F700F9165F /* String+range.swift */ = {isa = PBXFileReference; lastKnownFileType = sourcecode.swift; path = "String+range.swift"; sourceTree = "<group>"; };
		D73059672329E26800B8A420 /* Appearance.swift */ = {isa = PBXFileReference; lastKnownFileType = sourcecode.swift; path = Appearance.swift; sourceTree = "<group>"; };
		D7305BB523271F66006668B0 /* Auth.swift */ = {isa = PBXFileReference; lastKnownFileType = sourcecode.swift; path = Auth.swift; sourceTree = "<group>"; };
		D7305BB823271F90006668B0 /* RegisterViewController.swift */ = {isa = PBXFileReference; lastKnownFileType = sourcecode.swift; path = RegisterViewController.swift; sourceTree = "<group>"; };
		D7305BBA23275402006668B0 /* UIViewController+alert.swift */ = {isa = PBXFileReference; lastKnownFileType = sourcecode.swift; path = "UIViewController+alert.swift"; sourceTree = "<group>"; };
		D7305BBC232782AD006668B0 /* LoginViewController.swift */ = {isa = PBXFileReference; lastKnownFileType = sourcecode.swift; path = LoginViewController.swift; sourceTree = "<group>"; };
		D7305BBE2327833F006668B0 /* FormView.swift */ = {isa = PBXFileReference; lastKnownFileType = sourcecode.swift; path = FormView.swift; sourceTree = "<group>"; };
		D7305BC023278377006668B0 /* FormControlView.swift */ = {isa = PBXFileReference; lastKnownFileType = sourcecode.swift; path = FormControlView.swift; sourceTree = "<group>"; };
		D7305BC323279ABA006668B0 /* FormViewController.swift */ = {isa = PBXFileReference; lastKnownFileType = sourcecode.swift; path = FormViewController.swift; sourceTree = "<group>"; };
		D73599D223287092004D985E /* FolderView.swift */ = {isa = PBXFileReference; lastKnownFileType = sourcecode.swift; path = FolderView.swift; sourceTree = "<group>"; };
		D73599D623287DD0004D985E /* FileView.swift */ = {isa = PBXFileReference; lastKnownFileType = sourcecode.swift; path = FileView.swift; sourceTree = "<group>"; };
		D73599D823287E14004D985E /* FileTreeItemView.swift */ = {isa = PBXFileReference; lastKnownFileType = sourcecode.swift; path = FileTreeItemView.swift; sourceTree = "<group>"; };
		D73599DA232880D8004D985E /* LessonViewController.swift */ = {isa = PBXFileReference; lastKnownFileType = sourcecode.swift; path = LessonViewController.swift; sourceTree = "<group>"; };
		D73599DC23289B69004D985E /* NSNotification.Name+names.swift */ = {isa = PBXFileReference; lastKnownFileType = sourcecode.swift; path = "NSNotification.Name+names.swift"; sourceTree = "<group>"; };
		D736D1C1232BA66A004DB6CB /* InputButton.swift */ = {isa = PBXFileReference; lastKnownFileType = sourcecode.swift; path = InputButton.swift; sourceTree = "<group>"; };
		D749DF7323234F830010C673 /* ProMark.app */ = {isa = PBXFileReference; explicitFileType = wrapper.application; includeInIndex = 0; path = ProMark.app; sourceTree = BUILT_PRODUCTS_DIR; };
		D749DF7623234F830010C673 /* AppDelegate.swift */ = {isa = PBXFileReference; lastKnownFileType = sourcecode.swift; path = AppDelegate.swift; sourceTree = "<group>"; };
		D749DF8023234F840010C673 /* Assets.xcassets */ = {isa = PBXFileReference; lastKnownFileType = folder.assetcatalog; path = Assets.xcassets; sourceTree = "<group>"; };
		D749DF8323234F840010C673 /* Base */ = {isa = PBXFileReference; lastKnownFileType = file.storyboard; name = Base; path = Base.lproj/LaunchScreen.storyboard; sourceTree = "<group>"; };
		D749DF8523234F840010C673 /* Info.plist */ = {isa = PBXFileReference; lastKnownFileType = text.plist.xml; path = Info.plist; sourceTree = "<group>"; };
		D749DF8A23234F840010C673 /* ProMarkTests.xctest */ = {isa = PBXFileReference; explicitFileType = wrapper.cfbundle; includeInIndex = 0; path = ProMarkTests.xctest; sourceTree = BUILT_PRODUCTS_DIR; };
		D749DF9523234F840010C673 /* ProMarkUITests.xctest */ = {isa = PBXFileReference; explicitFileType = wrapper.cfbundle; includeInIndex = 0; path = ProMarkUITests.xctest; sourceTree = BUILT_PRODUCTS_DIR; };
		D749DFAB2323504C0010C673 /* HTTP.swift */ = {isa = PBXFileReference; lastKnownFileType = sourcecode.swift; path = HTTP.swift; sourceTree = "<group>"; };
		D749DFAD232358370010C673 /* Material.swift */ = {isa = PBXFileReference; lastKnownFileType = sourcecode.swift; path = Material.swift; sourceTree = "<group>"; };
		D749DFAF232363660010C673 /* DashboardTabBarController.swift */ = {isa = PBXFileReference; lastKnownFileType = sourcecode.swift; path = DashboardTabBarController.swift; sourceTree = "<group>"; };
		D749DFB1232363DA0010C673 /* HomeViewController.swift */ = {isa = PBXFileReference; lastKnownFileType = sourcecode.swift; path = HomeViewController.swift; sourceTree = "<group>"; };
		D749DFB3232363F00010C673 /* MessagesViewController.swift */ = {isa = PBXFileReference; lastKnownFileType = sourcecode.swift; path = MessagesViewController.swift; sourceTree = "<group>"; };
		D749DFB52323660E0010C673 /* MaterialSearchViewController.swift */ = {isa = PBXFileReference; lastKnownFileType = sourcecode.swift; path = MaterialSearchViewController.swift; sourceTree = "<group>"; };
		D774F5202330B29300D96899 /* UIView+blackout+whiteout.swift */ = {isa = PBXFileReference; lastKnownFileType = sourcecode.swift; path = "UIView+blackout+whiteout.swift"; sourceTree = "<group>"; };
		D774F5222330B97D00D96899 /* UIImageView+fetch.swift */ = {isa = PBXFileReference; lastKnownFileType = sourcecode.swift; path = "UIImageView+fetch.swift"; sourceTree = "<group>"; };
		D7AFE953232E32AD00CE68D7 /* LessonCompletion.swift */ = {isa = PBXFileReference; lastKnownFileType = sourcecode.swift; path = LessonCompletion.swift; sourceTree = "<group>"; };
		D7AFE955232E3A7F00CE68D7 /* IndexPathButton.swift */ = {isa = PBXFileReference; lastKnownFileType = sourcecode.swift; path = IndexPathButton.swift; sourceTree = "<group>"; };
		D7F0615023236B7B0019B224 /* UIFont+AppFonts.swift */ = {isa = PBXFileReference; lastKnownFileType = sourcecode.swift; path = "UIFont+AppFonts.swift"; sourceTree = "<group>"; };
		D7F0615423238ABF0019B224 /* Lesson.swift */ = {isa = PBXFileReference; lastKnownFileType = sourcecode.swift; path = Lesson.swift; sourceTree = "<group>"; };
		D7F061582323A8820019B224 /* UIColor+colors.swift */ = {isa = PBXFileReference; lastKnownFileType = sourcecode.swift; path = "UIColor+colors.swift"; sourceTree = "<group>"; };
		D7F0615A2323ACC70019B224 /* UICollectionViewCell+id.swift */ = {isa = PBXFileReference; lastKnownFileType = sourcecode.swift; path = "UICollectionViewCell+id.swift"; sourceTree = "<group>"; };
		D7F0616023247DE10019B224 /* UIView+AnimationUtilities.swift */ = {isa = PBXFileReference; lastKnownFileType = sourcecode.swift; path = "UIView+AnimationUtilities.swift"; sourceTree = "<group>"; };
		D7F061622325039B0019B224 /* User.swift */ = {isa = PBXFileReference; lastKnownFileType = sourcecode.swift; path = User.swift; sourceTree = "<group>"; };
		D7F06164232504830019B224 /* Folder.swift */ = {isa = PBXFileReference; lastKnownFileType = sourcecode.swift; path = Folder.swift; sourceTree = "<group>"; };
		D7F06166232506B90019B224 /* File.swift */ = {isa = PBXFileReference; lastKnownFileType = sourcecode.swift; path = File.swift; sourceTree = "<group>"; };
		D7F06168232511C50019B224 /* LessonComment.swift */ = {isa = PBXFileReference; lastKnownFileType = sourcecode.swift; path = LessonComment.swift; sourceTree = "<group>"; };
		D7F0616A232517060019B224 /* MaterialComment.swift */ = {isa = PBXFileReference; lastKnownFileType = sourcecode.swift; path = MaterialComment.swift; sourceTree = "<group>"; };
		D7F0616C23251C4C0019B224 /* Description.swift */ = {isa = PBXFileReference; lastKnownFileType = sourcecode.swift; path = Description.swift; sourceTree = "<group>"; };
		D7F0616E23251D170019B224 /* DescriptionTarget.swift */ = {isa = PBXFileReference; lastKnownFileType = sourcecode.swift; path = DescriptionTarget.swift; sourceTree = "<group>"; };
		D7F0617023251DA50019B224 /* Question.swift */ = {isa = PBXFileReference; lastKnownFileType = sourcecode.swift; path = Question.swift; sourceTree = "<group>"; };
		D7FE8B742325E5EA00F4C6F5 /* UIViewController+blackout+whiteout.swift */ = {isa = PBXFileReference; lastKnownFileType = sourcecode.swift; path = "UIViewController+blackout+whiteout.swift"; sourceTree = "<group>"; };
		D7FE8B782325EB9900F4C6F5 /* Price.swift */ = {isa = PBXFileReference; lastKnownFileType = sourcecode.swift; path = Price.swift; sourceTree = "<group>"; };
		D7FE8B7A2325EBAC00F4C6F5 /* Locale.swift */ = {isa = PBXFileReference; lastKnownFileType = sourcecode.swift; path = Locale.swift; sourceTree = "<group>"; };
		D7FE8B7C2325F81200F4C6F5 /* UIView+sizeThatFits.swift */ = {isa = PBXFileReference; lastKnownFileType = sourcecode.swift; path = "UIView+sizeThatFits.swift"; sourceTree = "<group>"; };
		D7FE8B7E2326112200F4C6F5 /* TabBarView.swift */ = {isa = PBXFileReference; lastKnownFileType = sourcecode.swift; path = TabBarView.swift; sourceTree = "<group>"; };
/* End PBXFileReference section */

/* Begin PBXFrameworksBuildPhase section */
		D749DF7023234F830010C673 /* Frameworks */ = {
			isa = PBXFrameworksBuildPhase;
			buildActionMask = 2147483647;
			files = (
			);
			runOnlyForDeploymentPostprocessing = 0;
		};
		D749DF8723234F840010C673 /* Frameworks */ = {
			isa = PBXFrameworksBuildPhase;
			buildActionMask = 2147483647;
			files = (
			);
			runOnlyForDeploymentPostprocessing = 0;
		};
		D749DF9223234F840010C673 /* Frameworks */ = {
			isa = PBXFrameworksBuildPhase;
			buildActionMask = 2147483647;
			files = (
			);
			runOnlyForDeploymentPostprocessing = 0;
		};
/* End PBXFrameworksBuildPhase section */

/* Begin PBXGroup section */
		D73059652329CC0500B8A420 /* SyntaxHighlighters */ = {
			isa = PBXGroup;
			children = (
				D730436E232C9C5700F9165F /* SyntaxHighlighter.swift */,
				D7304370232CA33600F9165F /* HTMLSyntaxHighlighter.swift */,
			);
			path = SyntaxHighlighters;
			sourceTree = "<group>";
		};
		D73059662329E25E00B8A420 /* Settings */ = {
			isa = PBXGroup;
			children = (
				D73059672329E26800B8A420 /* Appearance.swift */,
			);
			path = Settings;
			sourceTree = "<group>";
		};
		D7305BB723271F6E006668B0 /* Auth */ = {
			isa = PBXGroup;
			children = (
				D7305BB823271F90006668B0 /* RegisterViewController.swift */,
				D7305BBC232782AD006668B0 /* LoginViewController.swift */,
			);
			path = Auth;
			sourceTree = "<group>";
		};
		D7305BC223279AAD006668B0 /* Form */ = {
			isa = PBXGroup;
			children = (
				D7305BB723271F6E006668B0 /* Auth */,
				D7305BC323279ABA006668B0 /* FormViewController.swift */,
			);
			path = Form;
			sourceTree = "<group>";
		};
		D73599D12328707B004D985E /* FileTree */ = {
			isa = PBXGroup;
			children = (
				D73599D223287092004D985E /* FolderView.swift */,
				D73599D623287DD0004D985E /* FileView.swift */,
				D73599D823287E14004D985E /* FileTreeItemView.swift */,
				D70EB6932328A2D20022D9C1 /* FileTreeView.swift */,
			);
			path = FileTree;
			sourceTree = "<group>";
		};
		D73599DE2328A0C4004D985E /* Protocols */ = {
			isa = PBXGroup;
			children = (
				D70EB6912328A0FC0022D9C1 /* FileTreeItemHolder.swift */,
			);
			path = Protocols;
			sourceTree = "<group>";
		};
		D749DF6A23234F830010C673 = {
			isa = PBXGroup;
			children = (
				D749DF7523234F830010C673 /* ProMark */,
				D749DF7423234F830010C673 /* Products */,
			);
			sourceTree = "<group>";
		};
		D749DF7423234F830010C673 /* Products */ = {
			isa = PBXGroup;
			children = (
				D749DF7323234F830010C673 /* ProMark.app */,
				D749DF8A23234F840010C673 /* ProMarkTests.xctest */,
				D749DF9523234F840010C673 /* ProMarkUITests.xctest */,
			);
			name = Products;
			sourceTree = "<group>";
		};
		D749DF7523234F830010C673 /* ProMark */ = {
			isa = PBXGroup;
			children = (
				D73059662329E25E00B8A420 /* Settings */,
				D73059652329CC0500B8A420 /* SyntaxHighlighters */,
				D73599DE2328A0C4004D985E /* Protocols */,
				D7F0614F23236B730019B224 /* Extensions */,
				D749DFAA232350410010C673 /* HTTP */,
				D749DFA92323503D0010C673 /* Models */,
				D749DFA8232350390010C673 /* Views */,
				D749DFA7232350310010C673 /* Controllers */,
				D749DF7623234F830010C673 /* AppDelegate.swift */,
				D7305BB523271F66006668B0 /* Auth.swift */,
				D7FE8B7A2325EBAC00F4C6F5 /* Locale.swift */,
				D7FE8B782325EB9900F4C6F5 /* Price.swift */,
				D749DF8023234F840010C673 /* Assets.xcassets */,
				D749DF8223234F840010C673 /* LaunchScreen.storyboard */,
				D749DF8523234F840010C673 /* Info.plist */,
				D730436C232C9BE600F9165F /* FileExtension.swift */,
			);
			path = ProMark;
			sourceTree = "<group>";
		};
		D749DFA7232350310010C673 /* Controllers */ = {
			isa = PBXGroup;
			children = (
				D7305BC223279AAD006668B0 /* Form */,
				D749DFAF232363660010C673 /* DashboardTabBarController.swift */,
				D749DFB1232363DA0010C673 /* HomeViewController.swift */,
				D749DFB3232363F00010C673 /* MessagesViewController.swift */,
				D749DFB52323660E0010C673 /* MaterialSearchViewController.swift */,
				D73599DA232880D8004D985E /* LessonViewController.swift */,
			);
			path = Controllers;
			sourceTree = "<group>";
		};
		D749DFA8232350390010C673 /* Views */ = {
			isa = PBXGroup;
			children = (
				D73599D12328707B004D985E /* FileTree */,
				D7FE8B7E2326112200F4C6F5 /* TabBarView.swift */,
				D7305BBE2327833F006668B0 /* FormView.swift */,
				D7305BC023278377006668B0 /* FormControlView.swift */,
				D7AFE955232E3A7F00CE68D7 /* IndexPathButton.swift */,
				D72DB5AA232F23CB003FFA85 /* AccordionView.swift */,
				D72DB5AC232F344C003FFA85 /* CurtainView.swift */,
			);
			path = Views;
			sourceTree = "<group>";
		};
		D749DFA92323503D0010C673 /* Models */ = {
			isa = PBXGroup;
			children = (
				D749DFAD232358370010C673 /* Material.swift */,
				D7F0615423238ABF0019B224 /* Lesson.swift */,
				D7F061622325039B0019B224 /* User.swift */,
				D7F06164232504830019B224 /* Folder.swift */,
				D7F06166232506B90019B224 /* File.swift */,
				D7F06168232511C50019B224 /* LessonComment.swift */,
				D7F0616A232517060019B224 /* MaterialComment.swift */,
				D7F0616C23251C4C0019B224 /* Description.swift */,
				D7F0616E23251D170019B224 /* DescriptionTarget.swift */,
				D7F0617023251DA50019B224 /* Question.swift */,
				D736D1C1232BA66A004DB6CB /* InputButton.swift */,
				D7AFE953232E32AD00CE68D7 /* LessonCompletion.swift */,
			);
			path = Models;
			sourceTree = "<group>";
		};
		D749DFAA232350410010C673 /* HTTP */ = {
			isa = PBXGroup;
			children = (
				D749DFAB2323504C0010C673 /* HTTP.swift */,
			);
			path = HTTP;
			sourceTree = "<group>";
		};
		D7F0614F23236B730019B224 /* Extensions */ = {
			isa = PBXGroup;
			children = (
				D7F0615023236B7B0019B224 /* UIFont+AppFonts.swift */,
				D7F061582323A8820019B224 /* UIColor+colors.swift */,
				D7F0615A2323ACC70019B224 /* UICollectionViewCell+id.swift */,
				D7F0616023247DE10019B224 /* UIView+AnimationUtilities.swift */,
				D7FE8B742325E5EA00F4C6F5 /* UIViewController+blackout+whiteout.swift */,
				D7FE8B7C2325F81200F4C6F5 /* UIView+sizeThatFits.swift */,
				D7305BBA23275402006668B0 /* UIViewController+alert.swift */,
				D73599DC23289B69004D985E /* NSNotification.Name+names.swift */,
				D70EB6952328B5C60022D9C1 /* String+subscript.swift */,
				D7304372232CA3F700F9165F /* String+range.swift */,
				D774F5202330B29300D96899 /* UIView+blackout+whiteout.swift */,
				D774F5222330B97D00D96899 /* UIImageView+fetch.swift */,
			);
			path = Extensions;
			sourceTree = "<group>";
		};
/* End PBXGroup section */

/* Begin PBXNativeTarget section */
		D749DF7223234F830010C673 /* ProMark */ = {
			isa = PBXNativeTarget;
			buildConfigurationList = D749DF9E23234F840010C673 /* Build configuration list for PBXNativeTarget "ProMark" */;
			buildPhases = (
				D749DF6F23234F830010C673 /* Sources */,
				D749DF7023234F830010C673 /* Frameworks */,
				D749DF7123234F830010C673 /* Resources */,
			);
			buildRules = (
			);
			dependencies = (
			);
			name = ProMark;
			productName = AllCoder;
			productReference = D749DF7323234F830010C673 /* ProMark.app */;
			productType = "com.apple.product-type.application";
		};
		D749DF8923234F840010C673 /* ProMarkTests */ = {
			isa = PBXNativeTarget;
			buildConfigurationList = D749DFA123234F840010C673 /* Build configuration list for PBXNativeTarget "ProMarkTests" */;
			buildPhases = (
				D749DF8623234F840010C673 /* Sources */,
				D749DF8723234F840010C673 /* Frameworks */,
				D749DF8823234F840010C673 /* Resources */,
			);
			buildRules = (
			);
			dependencies = (
				D749DF8C23234F840010C673 /* PBXTargetDependency */,
			);
			name = ProMarkTests;
			productName = AllCoderTests;
			productReference = D749DF8A23234F840010C673 /* ProMarkTests.xctest */;
			productType = "com.apple.product-type.bundle.unit-test";
		};
		D749DF9423234F840010C673 /* ProMarkUITests */ = {
			isa = PBXNativeTarget;
			buildConfigurationList = D749DFA423234F840010C673 /* Build configuration list for PBXNativeTarget "ProMarkUITests" */;
			buildPhases = (
				D749DF9123234F840010C673 /* Sources */,
				D749DF9223234F840010C673 /* Frameworks */,
				D749DF9323234F840010C673 /* Resources */,
			);
			buildRules = (
			);
			dependencies = (
				D749DF9723234F840010C673 /* PBXTargetDependency */,
			);
			name = ProMarkUITests;
			productName = AllCoderUITests;
			productReference = D749DF9523234F840010C673 /* ProMarkUITests.xctest */;
			productType = "com.apple.product-type.bundle.ui-testing";
		};
/* End PBXNativeTarget section */

/* Begin PBXProject section */
		D749DF6B23234F830010C673 /* Project object */ = {
			isa = PBXProject;
			attributes = {
				LastSwiftUpdateCheck = 1020;
				LastUpgradeCheck = 1020;
				ORGANIZATIONNAME = "小林聖人";
				TargetAttributes = {
					D749DF7223234F830010C673 = {
						CreatedOnToolsVersion = 10.2.1;
					};
					D749DF8923234F840010C673 = {
						CreatedOnToolsVersion = 10.2.1;
						TestTargetID = D749DF7223234F830010C673;
					};
					D749DF9423234F840010C673 = {
						CreatedOnToolsVersion = 10.2.1;
						TestTargetID = D749DF7223234F830010C673;
					};
				};
			};
			buildConfigurationList = D749DF6E23234F830010C673 /* Build configuration list for PBXProject "ProMark" */;
			compatibilityVersion = "Xcode 9.3";
			developmentRegion = en;
			hasScannedForEncodings = 0;
			knownRegions = (
				en,
				Base,
			);
			mainGroup = D749DF6A23234F830010C673;
			productRefGroup = D749DF7423234F830010C673 /* Products */;
			projectDirPath = "";
			projectRoot = "";
			targets = (
				D749DF7223234F830010C673 /* ProMark */,
				D749DF8923234F840010C673 /* ProMarkTests */,
				D749DF9423234F840010C673 /* ProMarkUITests */,
			);
		};
/* End PBXProject section */

/* Begin PBXResourcesBuildPhase section */
		D749DF7123234F830010C673 /* Resources */ = {
			isa = PBXResourcesBuildPhase;
			buildActionMask = 2147483647;
			files = (
				D749DF8423234F840010C673 /* LaunchScreen.storyboard in Resources */,
				D749DF8123234F840010C673 /* Assets.xcassets in Resources */,
			);
			runOnlyForDeploymentPostprocessing = 0;
		};
		D749DF8823234F840010C673 /* Resources */ = {
			isa = PBXResourcesBuildPhase;
			buildActionMask = 2147483647;
			files = (
			);
			runOnlyForDeploymentPostprocessing = 0;
		};
		D749DF9323234F840010C673 /* Resources */ = {
			isa = PBXResourcesBuildPhase;
			buildActionMask = 2147483647;
			files = (
			);
			runOnlyForDeploymentPostprocessing = 0;
		};
/* End PBXResourcesBuildPhase section */

/* Begin PBXSourcesBuildPhase section */
		D749DF6F23234F830010C673 /* Sources */ = {
			isa = PBXSourcesBuildPhase;
			buildActionMask = 2147483647;
			files = (
				D72DB5AD232F344C003FFA85 /* CurtainView.swift in Sources */,
				D749DFAE232358370010C673 /* Material.swift in Sources */,
				D7FE8B7F2326112200F4C6F5 /* TabBarView.swift in Sources */,
				D7F06165232504830019B224 /* Folder.swift in Sources */,
				D7305BC123278377006668B0 /* FormControlView.swift in Sources */,
				D73599DD23289B69004D985E /* NSNotification.Name+names.swift in Sources */,
				D7F0616D23251C4C0019B224 /* Description.swift in Sources */,
				D736D1C2232BA66A004DB6CB /* InputButton.swift in Sources */,
				D7F0616123247DE10019B224 /* UIView+AnimationUtilities.swift in Sources */,
				D7FE8B7B2325EBAC00F4C6F5 /* Locale.swift in Sources */,
				D7FE8B7D2325F81200F4C6F5 /* UIView+sizeThatFits.swift in Sources */,
				D7F0615523238ABF0019B224 /* Lesson.swift in Sources */,
				D7305BBB23275402006668B0 /* UIViewController+alert.swift in Sources */,
				D7F061632325039B0019B224 /* User.swift in Sources */,
				D749DFB0232363660010C673 /* DashboardTabBarController.swift in Sources */,
				D7AFE954232E32AD00CE68D7 /* LessonCompletion.swift in Sources */,
				D72DB5AB232F23CB003FFA85 /* AccordionView.swift in Sources */,
				D7305BB623271F66006668B0 /* Auth.swift in Sources */,
				D7305BBD232782AD006668B0 /* LoginViewController.swift in Sources */,
				D73599D323287092004D985E /* FolderView.swift in Sources */,
				D73599D923287E14004D985E /* FileTreeItemView.swift in Sources */,
				D7FE8B752325E5EA00F4C6F5 /* UIViewController+blackout+whiteout.swift in Sources */,
				D7F06167232506B90019B224 /* File.swift in Sources */,
				D70EB6922328A0FC0022D9C1 /* FileTreeItemHolder.swift in Sources */,
				D749DFAC2323504C0010C673 /* HTTP.swift in Sources */,
				D7F0616B232517060019B224 /* MaterialComment.swift in Sources */,
				D7F0615B2323ACC70019B224 /* UICollectionViewCell+id.swift in Sources */,
				D70EB6962328B5C60022D9C1 /* String+subscript.swift in Sources */,
				D730436F232C9C5700F9165F /* SyntaxHighlighter.swift in Sources */,
				D774F5212330B29300D96899 /* UIView+blackout+whiteout.swift in Sources */,
				D73059682329E26800B8A420 /* Appearance.swift in Sources */,
				D730436D232C9BE600F9165F /* FileExtension.swift in Sources */,
				D7AFE956232E3A7F00CE68D7 /* IndexPathButton.swift in Sources */,
				D7F0616F23251D170019B224 /* DescriptionTarget.swift in Sources */,
				D749DFB62323660E0010C673 /* MaterialSearchViewController.swift in Sources */,
				D7304371232CA33600F9165F /* HTMLSyntaxHighlighter.swift in Sources */,
				D749DFB2232363DA0010C673 /* HomeViewController.swift in Sources */,
				D73599D723287DD0004D985E /* FileView.swift in Sources */,
				D749DFB4232363F00010C673 /* MessagesViewController.swift in Sources */,
				D7FE8B792325EB9900F4C6F5 /* Price.swift in Sources */,
				D7305BBF2327833F006668B0 /* FormView.swift in Sources */,
				D7F06169232511C50019B224 /* LessonComment.swift in Sources */,
				D774F5232330B97D00D96899 /* UIImageView+fetch.swift in Sources */,
				D70EB6942328A2D20022D9C1 /* FileTreeView.swift in Sources */,
				D7F0617123251DA50019B224 /* Question.swift in Sources */,
				D7304373232CA3F700F9165F /* String+range.swift in Sources */,
				D7F061592323A8820019B224 /* UIColor+colors.swift in Sources */,
				D7F0615123236B7B0019B224 /* UIFont+AppFonts.swift in Sources */,
				D749DF7723234F830010C673 /* AppDelegate.swift in Sources */,
				D7305BC423279ABA006668B0 /* FormViewController.swift in Sources */,
				D73599DB232880D8004D985E /* LessonViewController.swift in Sources */,
				D7305BB923271F90006668B0 /* RegisterViewController.swift in Sources */,
			);
			runOnlyForDeploymentPostprocessing = 0;
		};
		D749DF8623234F840010C673 /* Sources */ = {
			isa = PBXSourcesBuildPhase;
			buildActionMask = 2147483647;
			files = (
			);
			runOnlyForDeploymentPostprocessing = 0;
		};
		D749DF9123234F840010C673 /* Sources */ = {
			isa = PBXSourcesBuildPhase;
			buildActionMask = 2147483647;
			files = (
			);
			runOnlyForDeploymentPostprocessing = 0;
		};
/* End PBXSourcesBuildPhase section */

/* Begin PBXTargetDependency section */
		D749DF8C23234F840010C673 /* PBXTargetDependency */ = {
			isa = PBXTargetDependency;
			target = D749DF7223234F830010C673 /* ProMark */;
			targetProxy = D749DF8B23234F840010C673 /* PBXContainerItemProxy */;
		};
		D749DF9723234F840010C673 /* PBXTargetDependency */ = {
			isa = PBXTargetDependency;
			target = D749DF7223234F830010C673 /* ProMark */;
			targetProxy = D749DF9623234F840010C673 /* PBXContainerItemProxy */;
		};
/* End PBXTargetDependency section */

/* Begin PBXVariantGroup section */
		D749DF8223234F840010C673 /* LaunchScreen.storyboard */ = {
			isa = PBXVariantGroup;
			children = (
				D749DF8323234F840010C673 /* Base */,
			);
			name = LaunchScreen.storyboard;
			sourceTree = "<group>";
		};
/* End PBXVariantGroup section */

/* Begin XCBuildConfiguration section */
		D749DF9C23234F840010C673 /* Debug */ = {
			isa = XCBuildConfiguration;
			buildSettings = {
				ALWAYS_SEARCH_USER_PATHS = NO;
				CLANG_ANALYZER_NONNULL = YES;
				CLANG_ANALYZER_NUMBER_OBJECT_CONVERSION = YES_AGGRESSIVE;
				CLANG_CXX_LANGUAGE_STANDARD = "gnu++14";
				CLANG_CXX_LIBRARY = "libc++";
				CLANG_ENABLE_MODULES = YES;
				CLANG_ENABLE_OBJC_ARC = YES;
				CLANG_ENABLE_OBJC_WEAK = YES;
				CLANG_WARN_BLOCK_CAPTURE_AUTORELEASING = YES;
				CLANG_WARN_BOOL_CONVERSION = YES;
				CLANG_WARN_COMMA = YES;
				CLANG_WARN_CONSTANT_CONVERSION = YES;
				CLANG_WARN_DEPRECATED_OBJC_IMPLEMENTATIONS = YES;
				CLANG_WARN_DIRECT_OBJC_ISA_USAGE = YES_ERROR;
				CLANG_WARN_DOCUMENTATION_COMMENTS = YES;
				CLANG_WARN_EMPTY_BODY = YES;
				CLANG_WARN_ENUM_CONVERSION = YES;
				CLANG_WARN_INFINITE_RECURSION = YES;
				CLANG_WARN_INT_CONVERSION = YES;
				CLANG_WARN_NON_LITERAL_NULL_CONVERSION = YES;
				CLANG_WARN_OBJC_IMPLICIT_RETAIN_SELF = YES;
				CLANG_WARN_OBJC_LITERAL_CONVERSION = YES;
				CLANG_WARN_OBJC_ROOT_CLASS = YES_ERROR;
				CLANG_WARN_RANGE_LOOP_ANALYSIS = YES;
				CLANG_WARN_STRICT_PROTOTYPES = YES;
				CLANG_WARN_SUSPICIOUS_MOVE = YES;
				CLANG_WARN_UNGUARDED_AVAILABILITY = YES_AGGRESSIVE;
				CLANG_WARN_UNREACHABLE_CODE = YES;
				CLANG_WARN__DUPLICATE_METHOD_MATCH = YES;
				CODE_SIGN_IDENTITY = "iPhone Developer";
				COPY_PHASE_STRIP = NO;
				DEBUG_INFORMATION_FORMAT = dwarf;
				ENABLE_STRICT_OBJC_MSGSEND = YES;
				ENABLE_TESTABILITY = YES;
				GCC_C_LANGUAGE_STANDARD = gnu11;
				GCC_DYNAMIC_NO_PIC = NO;
				GCC_NO_COMMON_BLOCKS = YES;
				GCC_OPTIMIZATION_LEVEL = 0;
				GCC_PREPROCESSOR_DEFINITIONS = (
					"DEBUG=1",
					"$(inherited)",
				);
				GCC_WARN_64_TO_32_BIT_CONVERSION = YES;
				GCC_WARN_ABOUT_RETURN_TYPE = YES_ERROR;
				GCC_WARN_UNDECLARED_SELECTOR = YES;
				GCC_WARN_UNINITIALIZED_AUTOS = YES_AGGRESSIVE;
				GCC_WARN_UNUSED_FUNCTION = YES;
				GCC_WARN_UNUSED_VARIABLE = YES;
				IPHONEOS_DEPLOYMENT_TARGET = 12.2;
				MTL_ENABLE_DEBUG_INFO = INCLUDE_SOURCE;
				MTL_FAST_MATH = YES;
				ONLY_ACTIVE_ARCH = YES;
				SDKROOT = iphoneos;
				SWIFT_ACTIVE_COMPILATION_CONDITIONS = DEBUG;
				SWIFT_OPTIMIZATION_LEVEL = "-Onone";
			};
			name = Debug;
		};
		D749DF9D23234F840010C673 /* Release */ = {
			isa = XCBuildConfiguration;
			buildSettings = {
				ALWAYS_SEARCH_USER_PATHS = NO;
				CLANG_ANALYZER_NONNULL = YES;
				CLANG_ANALYZER_NUMBER_OBJECT_CONVERSION = YES_AGGRESSIVE;
				CLANG_CXX_LANGUAGE_STANDARD = "gnu++14";
				CLANG_CXX_LIBRARY = "libc++";
				CLANG_ENABLE_MODULES = YES;
				CLANG_ENABLE_OBJC_ARC = YES;
				CLANG_ENABLE_OBJC_WEAK = YES;
				CLANG_WARN_BLOCK_CAPTURE_AUTORELEASING = YES;
				CLANG_WARN_BOOL_CONVERSION = YES;
				CLANG_WARN_COMMA = YES;
				CLANG_WARN_CONSTANT_CONVERSION = YES;
				CLANG_WARN_DEPRECATED_OBJC_IMPLEMENTATIONS = YES;
				CLANG_WARN_DIRECT_OBJC_ISA_USAGE = YES_ERROR;
				CLANG_WARN_DOCUMENTATION_COMMENTS = YES;
				CLANG_WARN_EMPTY_BODY = YES;
				CLANG_WARN_ENUM_CONVERSION = YES;
				CLANG_WARN_INFINITE_RECURSION = YES;
				CLANG_WARN_INT_CONVERSION = YES;
				CLANG_WARN_NON_LITERAL_NULL_CONVERSION = YES;
				CLANG_WARN_OBJC_IMPLICIT_RETAIN_SELF = YES;
				CLANG_WARN_OBJC_LITERAL_CONVERSION = YES;
				CLANG_WARN_OBJC_ROOT_CLASS = YES_ERROR;
				CLANG_WARN_RANGE_LOOP_ANALYSIS = YES;
				CLANG_WARN_STRICT_PROTOTYPES = YES;
				CLANG_WARN_SUSPICIOUS_MOVE = YES;
				CLANG_WARN_UNGUARDED_AVAILABILITY = YES_AGGRESSIVE;
				CLANG_WARN_UNREACHABLE_CODE = YES;
				CLANG_WARN__DUPLICATE_METHOD_MATCH = YES;
				CODE_SIGN_IDENTITY = "iPhone Developer";
				COPY_PHASE_STRIP = NO;
				DEBUG_INFORMATION_FORMAT = "dwarf-with-dsym";
				ENABLE_NS_ASSERTIONS = NO;
				ENABLE_STRICT_OBJC_MSGSEND = YES;
				GCC_C_LANGUAGE_STANDARD = gnu11;
				GCC_NO_COMMON_BLOCKS = YES;
				GCC_WARN_64_TO_32_BIT_CONVERSION = YES;
				GCC_WARN_ABOUT_RETURN_TYPE = YES_ERROR;
				GCC_WARN_UNDECLARED_SELECTOR = YES;
				GCC_WARN_UNINITIALIZED_AUTOS = YES_AGGRESSIVE;
				GCC_WARN_UNUSED_FUNCTION = YES;
				GCC_WARN_UNUSED_VARIABLE = YES;
				IPHONEOS_DEPLOYMENT_TARGET = 12.2;
				MTL_ENABLE_DEBUG_INFO = NO;
				MTL_FAST_MATH = YES;
				SDKROOT = iphoneos;
				SWIFT_COMPILATION_MODE = wholemodule;
				SWIFT_OPTIMIZATION_LEVEL = "-O";
				VALIDATE_PRODUCT = YES;
			};
			name = Release;
		};
		D749DF9F23234F840010C673 /* Debug */ = {
			isa = XCBuildConfiguration;
			buildSettings = {
				ASSETCATALOG_COMPILER_APPICON_NAME = AppIcon;
				CODE_SIGN_IDENTITY = "iPhone Developer";
				CODE_SIGN_STYLE = Automatic;
				DEVELOPMENT_TEAM = "";
				INFOPLIST_FILE = ProMark/Info.plist;
				LD_RUNPATH_SEARCH_PATHS = (
					"$(inherited)",
					"@executable_path/Frameworks",
				);
				PRODUCT_BUNDLE_IDENTIFIER = sk.AllCoder;
				PRODUCT_NAME = "$(TARGET_NAME)";
				PROVISIONING_PROFILE_SPECIFIER = "";
				SWIFT_VERSION = 5.0;
				TARGETED_DEVICE_FAMILY = "1,2";
			};
			name = Debug;
		};
		D749DFA023234F840010C673 /* Release */ = {
			isa = XCBuildConfiguration;
			buildSettings = {
				ASSETCATALOG_COMPILER_APPICON_NAME = AppIcon;
				CODE_SIGN_IDENTITY = "iPhone Developer";
				CODE_SIGN_STYLE = Automatic;
				DEVELOPMENT_TEAM = "";
				INFOPLIST_FILE = ProMark/Info.plist;
				LD_RUNPATH_SEARCH_PATHS = (
					"$(inherited)",
					"@executable_path/Frameworks",
				);
				PRODUCT_BUNDLE_IDENTIFIER = sk.AllCoder;
				PRODUCT_NAME = "$(TARGET_NAME)";
				PROVISIONING_PROFILE_SPECIFIER = "";
				SWIFT_VERSION = 5.0;
				TARGETED_DEVICE_FAMILY = "1,2";
			};
			name = Release;
		};
		D749DFA223234F840010C673 /* Debug */ = {
			isa = XCBuildConfiguration;
			buildSettings = {
				ALWAYS_EMBED_SWIFT_STANDARD_LIBRARIES = YES;
				BUNDLE_LOADER = "$(TEST_HOST)";
				CODE_SIGN_STYLE = Automatic;
				DEVELOPMENT_TEAM = 5FF7DL6Z6Q;
				INFOPLIST_FILE = AllCoderTests/Info.plist;
				LD_RUNPATH_SEARCH_PATHS = (
					"$(inherited)",
					"@executable_path/Frameworks",
					"@loader_path/Frameworks",
				);
				PRODUCT_BUNDLE_IDENTIFIER = sk.AllCoderTests;
				PRODUCT_NAME = "$(TARGET_NAME)";
				SWIFT_VERSION = 5.0;
				TARGETED_DEVICE_FAMILY = "1,2";
				TEST_HOST = "$(BUILT_PRODUCTS_DIR)/ProMark.app/ProMark";
			};
			name = Debug;
		};
		D749DFA323234F840010C673 /* Release */ = {
			isa = XCBuildConfiguration;
			buildSettings = {
				ALWAYS_EMBED_SWIFT_STANDARD_LIBRARIES = YES;
				BUNDLE_LOADER = "$(TEST_HOST)";
				CODE_SIGN_STYLE = Automatic;
				DEVELOPMENT_TEAM = 5FF7DL6Z6Q;
				INFOPLIST_FILE = AllCoderTests/Info.plist;
				LD_RUNPATH_SEARCH_PATHS = (
					"$(inherited)",
					"@executable_path/Frameworks",
					"@loader_path/Frameworks",
				);
				PRODUCT_BUNDLE_IDENTIFIER = sk.AllCoderTests;
				PRODUCT_NAME = "$(TARGET_NAME)";
				SWIFT_VERSION = 5.0;
				TARGETED_DEVICE_FAMILY = "1,2";
				TEST_HOST = "$(BUILT_PRODUCTS_DIR)/ProMark.app/ProMark";
			};
			name = Release;
		};
		D749DFA523234F840010C673 /* Debug */ = {
			isa = XCBuildConfiguration;
			buildSettings = {
				ALWAYS_EMBED_SWIFT_STANDARD_LIBRARIES = YES;
				CODE_SIGN_STYLE = Automatic;
				DEVELOPMENT_TEAM = 5FF7DL6Z6Q;
				INFOPLIST_FILE = AllCoderUITests/Info.plist;
				LD_RUNPATH_SEARCH_PATHS = (
					"$(inherited)",
					"@executable_path/Frameworks",
					"@loader_path/Frameworks",
				);
				PRODUCT_BUNDLE_IDENTIFIER = sk.AllCoderUITests;
				PRODUCT_NAME = "$(TARGET_NAME)";
				SWIFT_VERSION = 5.0;
				TARGETED_DEVICE_FAMILY = "1,2";
				TEST_TARGET_NAME = AllCoder;
			};
			name = Debug;
		};
		D749DFA623234F840010C673 /* Release */ = {
			isa = XCBuildConfiguration;
			buildSettings = {
				ALWAYS_EMBED_SWIFT_STANDARD_LIBRARIES = YES;
				CODE_SIGN_STYLE = Automatic;
				DEVELOPMENT_TEAM = 5FF7DL6Z6Q;
				INFOPLIST_FILE = AllCoderUITests/Info.plist;
				LD_RUNPATH_SEARCH_PATHS = (
					"$(inherited)",
					"@executable_path/Frameworks",
					"@loader_path/Frameworks",
				);
				PRODUCT_BUNDLE_IDENTIFIER = sk.AllCoderUITests;
				PRODUCT_NAME = "$(TARGET_NAME)";
				SWIFT_VERSION = 5.0;
				TARGETED_DEVICE_FAMILY = "1,2";
				TEST_TARGET_NAME = AllCoder;
			};
			name = Release;
		};
/* End XCBuildConfiguration section */

/* Begin XCConfigurationList section */
		D749DF6E23234F830010C673 /* Build configuration list for PBXProject "ProMark" */ = {
			isa = XCConfigurationList;
			buildConfigurations = (
				D749DF9C23234F840010C673 /* Debug */,
				D749DF9D23234F840010C673 /* Release */,
			);
			defaultConfigurationIsVisible = 0;
			defaultConfigurationName = Release;
		};
		D749DF9E23234F840010C673 /* Build configuration list for PBXNativeTarget "ProMark" */ = {
			isa = XCConfigurationList;
			buildConfigurations = (
				D749DF9F23234F840010C673 /* Debug */,
				D749DFA023234F840010C673 /* Release */,
			);
			defaultConfigurationIsVisible = 0;
			defaultConfigurationName = Release;
		};
		D749DFA123234F840010C673 /* Build configuration list for PBXNativeTarget "ProMarkTests" */ = {
			isa = XCConfigurationList;
			buildConfigurations = (
				D749DFA223234F840010C673 /* Debug */,
				D749DFA323234F840010C673 /* Release */,
			);
			defaultConfigurationIsVisible = 0;
			defaultConfigurationName = Release;
		};
		D749DFA423234F840010C673 /* Build configuration list for PBXNativeTarget "ProMarkUITests" */ = {
			isa = XCConfigurationList;
			buildConfigurations = (
				D749DFA523234F840010C673 /* Debug */,
				D749DFA623234F840010C673 /* Release */,
			);
			defaultConfigurationIsVisible = 0;
			defaultConfigurationName = Release;
		};
/* End XCConfigurationList section */
	};
	rootObject = D749DF6B23234F830010C673 /* Project object */;
}
